
Microsoft Visual Studio Solution File, Format Version 9.00
# Visual Studio 2005
Project("{8BC9CEB8-8B4A-11D0-8D11-00A0C91BC942}") = "TinyLog", "TinyLog\TinyLog.vcproj", "{A0749713-1E44-4D41-9634-BE50048FFBED}"
EndProject
Project("{8BC9CEB8-8B4A-11D0-8D11-00A0C91BC942}") = "TestTinyLog", "TestTinyLog\TestTinyLog.vcproj", "{F1419700-0432-4107-B6D1-66EA9B5BEDF7}"
EndProject
Global
	GlobalSection(SolutionConfigurationPlatforms) = preSolution
		Debug|Win32 = Debug|Win32
		Release|Win32 = Release|Win32
	EndGlobalSection
	GlobalSection(ProjectConfigurationPlatforms) = postSolution
		{A0749713-1E44-4D41-9634-BE50048FFBED}.Debug|Win32.ActiveCfg = Debug|Win32
		{A0749713-1E44-4D41-9634-BE50048FFBED}.Debug|Win32.Build.0 = Debug|Win32
		{A0749713-1E44-4D41-9634-BE50048FFBED}.Release|Win32.ActiveCfg = Release|Win32
		{A0749713-1E44-4D41-9634-BE50048FFBED}.Release|Win32.Build.0 = Release|Win32
		{F1419700-0432-4107-B6D1-66EA9B5BEDF7}.Debug|Win32.ActiveCfg = Debug|Win32
		{F1419700-0432-4107-B6D1-66EA9B5BEDF7}.Debug|Win32.Build.0 = Debug|Win32
		{F1419700-0432-4107-B6D1-66EA9B5BEDF7}.Release|Win32.ActiveCfg = Release|Win32
		{F1419700-0432-4107-B6D1-66EA9B5BEDF7}.Release|Win32.Build.0 = Release|Win32
	EndGlobalSection
	GlobalSection(SolutionProperties) = preSolution
		HideSolutionNode = FALSE
	EndGlobalSection
EndGlobal
